{
  "name": "inillucent-javascript-examples",
  "version": "0.1.0",
  "lockfileVersion": 3,
  "requires": true,
  "packages": {
    "": {
      "name": "inillucent-javascript-examples",
      "version": "0.1.0",
      "license": "MIT",
      "dependencies": {
        "inillucent-client": "file:../typescript"
      }
    },
    "../typescript": {
      "name": "inillucent-client",
      "version": "0.1.0",
      "license": "MIT",
      "dependencies": {
        "koffi": "^2.9.0"
      },
      "devDependencies": {
        "@types/node": "^22.0.0",
        "esbuild": "^0.24.0",
        "typescript": "^5.6.0"
      },
      "engines": {
        "node": ">=18"
      }
    },
    "node_modules/inillucent-client": {
      "resolved": "../typescript",
      "link": true
    }
  }
}
